
Microsoft Visual Studio Solution File, Format Version 12.00
# Visual Studio 15
VisualStudioVersion = 15.0.27130.2027
MinimumVisualStudioVersion = 10.0.40219.1
Project("{FAE04EC0-301F-11D3-BF4B-00C04F79EFBC}") = "SqliteDemo.Android", "SqliteDemo\SqliteDemo.Android\SqliteDemo.Android.csproj", "{75408885-5260-4CA2-9DE1-39ECFD8BA35F}"
EndProject
Project("{FAE04EC0-301F-11D3-BF4B-00C04F79EFBC}") = "SqliteDemo.iOS", "SqliteDemo\SqliteDemo.iOS\SqliteDemo.iOS.csproj", "{BEE0F251-2196-4ADE-94A7-96F91E042DFF}"
EndProject
Project("{FAE04EC0-301F-11D3-BF4B-00C04F79EFBC}") = "SqliteDemo.UWP", "SqliteDemo\SqliteDemo.UWP\SqliteDemo.UWP.csproj", "{43622D37-1AF0-4B55-863E-8A4A398DA24C}"
EndProject
Project("{FAE04EC0-301F-11D3-BF4B-00C04F79EFBC}") = "SqliteDemo", "SqliteDemo\SqliteDemo\SqliteDemo.csproj", "{833F9F4D-36DB-48B1-B4DB-62FD515DDFA9}"
EndProject
Global
	GlobalSection(SolutionConfigurationPlatforms) = preSolution
		Ad-Hoc|Any CPU = Ad-Hoc|Any CPU
		Ad-Hoc|ARM = Ad-Hoc|ARM
		Ad-Hoc|iPhone = Ad-Hoc|iPhone
		Ad-Hoc|iPhoneSimulator = Ad-Hoc|iPhoneSimulator
		Ad-Hoc|x64 = Ad-Hoc|x64
		Ad-Hoc|x86 = Ad-Hoc|x86
		AppStore|Any CPU = AppStore|Any CPU
		AppStore|ARM = AppStore|ARM
		AppStore|iPhone = AppStore|iPhone
		AppStore|iPhoneSimulator = AppStore|iPhoneSimulator
		AppStore|x64 = AppStore|x64
		AppStore|x86 = AppStore|x86
		Debug|Any CPU = Debug|Any CPU
		Debug|ARM = Debug|ARM
		Debug|iPhone = Debug|iPhone
		Debug|iPhoneSimulator = Debug|iPhoneSimulator
		Debug|x64 = Debug|x64
		Debug|x86 = Debug|x86
		Release|Any CPU = Release|Any CPU
		Release|ARM = Release|ARM
		Release|iPhone = Release|iPhone
		Release|iPhoneSimulator = Release|iPhoneSimulator
		Release|x64 = Release|x64
		Release|x86 = Release|x86
	EndGlobalSection
	GlobalSection(ProjectConfigurationPlatforms) = postSolution
		{75408885-5260-4CA2-9DE1-39ECFD8BA35F}.Ad-Hoc|Any CPU.ActiveCfg = Release|Any CPU
		{75408885-5260-4CA2-9DE1-39ECFD8BA35F}.Ad-Hoc|Any CPU.Build.0 = Release|Any CPU
		{75408885-5260-4CA2-9DE1-39ECFD8BA35F}.Ad-Hoc|Any CPU.Deploy.0 = Release|Any CPU
		{75408885-5260-4CA2-9DE1-39ECFD8BA35F}.Ad-Hoc|ARM.ActiveCfg = Release|Any CPU
		{75408885-5260-4CA2-9DE1-39ECFD8BA35F}.Ad-Hoc|ARM.Build.0 = Release|Any CPU
		{75408885-5260-4CA2-9DE1-39ECFD8BA35F}.Ad-Hoc|ARM.Deploy.0 = Release|Any CPU
		{75408885-5260-4CA2-9DE1-39ECFD8BA35F}.Ad-Hoc|iPhone.ActiveCfg = Release|Any CPU
		{75408885-5260-4CA2-9DE1-39ECFD8BA35F}.Ad-Hoc|iPhone.Build.0 = Release|Any CPU
		{75408885-5260-4CA2-9DE1-39ECFD8BA35F}.Ad-Hoc|iPhone.Deploy.0 = Release|Any CPU
		{75408885-5260-4CA2-9DE1-39ECFD8BA35F}.Ad-Hoc|iPhoneSimulator.ActiveCfg = Release|Any CPU
		{75408885-5260-4CA2-9DE1-39ECFD8BA35F}.Ad-Hoc|iPhoneSimulator.Build.0 = Release|Any CPU
		{75408885-5260-4CA2-9DE1-39ECFD8BA35F}.Ad-Hoc|iPhoneSimulator.Deploy.0 = Release|Any CPU
		{75408885-5260-4CA2-9DE1-39ECFD8BA35F}.Ad-Hoc|x64.ActiveCfg = Release|Any CPU
		{75408885-5260-4CA2-9DE1-39ECFD8BA35F}.Ad-Hoc|x64.Build.0 = Release|Any CPU
		{75408885-5260-4CA2-9DE1-39ECFD8BA35F}.Ad-Hoc|x64.Deploy.0 = Release|Any CPU
		{75408885-5260-4CA2-9DE1-39ECFD8BA35F}.Ad-Hoc|x86.ActiveCfg = Release|Any CPU
		{75408885-5260-4CA2-9DE1-39ECFD8BA35F}.Ad-Hoc|x86.Build.0 = Release|Any CPU
		{75408885-5260-4CA2-9DE1-39ECFD8BA35F}.Ad-Hoc|x86.Deploy.0 = Release|Any CPU
		{75408885-5260-4CA2-9DE1-39ECFD8BA35F}.AppStore|Any CPU.ActiveCfg = Release|Any CPU
		{75408885-5260-4CA2-9DE1-39ECFD8BA35F}.AppStore|Any CPU.Build.0 = Release|Any CPU
		{75408885-5260-4CA2-9DE1-39ECFD8BA35F}.AppStore|Any CPU.Deploy.0 = Release|Any CPU
		{75408885-5260-4CA2-9DE1-39ECFD8BA35F}.AppStore|ARM.ActiveCfg = Release|Any CPU
		{75408885-5260-4CA2-9DE1-39ECFD8BA35F}.AppStore|ARM.Build.0 = Release|Any CPU
		{75408885-5260-4CA2-9DE1-39ECFD8BA35F}.AppStore|ARM.Deploy.0 = Release|Any CPU
		{75408885-5260-4CA2-9DE1-39ECFD8BA35F}.AppStore|iPhone.ActiveCfg = Release|Any CPU
		{75408885-5260-4CA2-9DE1-39ECFD8BA35F}.AppStore|iPhone.Build.0 = Release|Any CPU
		{75408885-5260-4CA2-9DE1-39ECFD8BA35F}.AppStore|iPhone.Deploy.0 = Release|Any CPU
		{75408885-5260-4CA2-9DE1-39ECFD8BA35F}.AppStore|iPhoneSimulator.ActiveCfg = Release|Any CPU
		{75408885-5260-4CA2-9DE1-39ECFD8BA35F}.AppStore|iPhoneSimulator.Build.0 = Release|Any CPU
		{75408885-5260-4CA2-9DE1-39ECFD8BA35F}.AppStore|iPhoneSimulator.Deploy.0 = Release|Any CPU
		{75408885-5260-4CA2-9DE1-39ECFD8BA35F}.AppStore|x64.ActiveCfg = Release|Any CPU
		{75408885-5260-4CA2-9DE1-39ECFD8BA35F}.AppStore|x64.Build.0 = Release|Any CPU
		{75408885-5260-4CA2-9DE1-39ECFD8BA35F}.AppStore|x64.Deploy.0 = Release|Any CPU
		{75408885-5260-4CA2-9DE1-39ECFD8BA35F}.AppStore|x86.ActiveCfg = Release|Any CPU
		{75408885-5260-4CA2-9DE1-39ECFD8BA35F}.AppStore|x86.Build.0 = Release|Any CPU
		{75408885-5260-4CA2-9DE1-39ECFD8BA35F}.AppStore|x86.Deploy.0 = Release|Any CPU
		{75408885-5260-4CA2-9DE1-39ECFD8BA35F}.Debug|Any CPU.ActiveCfg = Debug|Any CPU
		{75408885-5260-4CA2-9DE1-39ECFD8BA35F}.Debug|Any CPU.Build.0 = Debug|Any CPU
		{75408885-5260-4CA2-9DE1-39ECFD8BA35F}.Debug|Any CPU.Deploy.0 = Debug|Any CPU
		{75408885-5260-4CA2-9DE1-39ECFD8BA35F}.Debug|ARM.ActiveCfg = Debug|Any CPU
		{75408885-5260-4CA2-9DE1-39ECFD8BA35F}.Debug|ARM.Build.0 = Debug|Any CPU
		{75408885-5260-4CA2-9DE1-39ECFD8BA35F}.Debug|ARM.Deploy.0 = Debug|Any CPU
		{75408885-5260-4CA2-9DE1-39ECFD8BA35F}.Debug|iPhone.ActiveCfg = Debug|Any CPU
		{75408885-5260-4CA2-9DE1-39ECFD8BA35F}.Debug|iPhone.Build.0 = Debug|Any CPU
		{75408885-5260-4CA2-9DE1-39ECFD8BA35F}.Debug|iPhone.Deploy.0 = Debug|Any CPU
		{75408885-5260-4CA2-9DE1-39ECFD8BA35F}.Debug|iPhoneSimulator.ActiveCfg = Debug|Any CPU
		{75408885-5260-4CA2-9DE1-39ECFD8BA35F}.Debug|iPhoneSimulator.Build.0 = Debug|Any CPU
		{75408885-5260-4CA2-9DE1-39ECFD8BA35F}.Debug|iPhoneSimulator.Deploy.0 = Debug|Any CPU
		{75408885-5260-4CA2-9DE1-39ECFD8BA35F}.Debug|x64.ActiveCfg = Debug|Any CPU
		{75408885-5260-4CA2-9DE1-39ECFD8BA35F}.Debug|x64.Build.0 = Debug|Any CPU
		{75408885-5260-4CA2-9DE1-39ECFD8BA35F}.Debug|x64.Deploy.0 = Debug|Any CPU
		{75408885-5260-4CA2-9DE1-39ECFD8BA35F}.Debug|x86.ActiveCfg = Debug|Any CPU
		{75408885-5260-4CA2-9DE1-39ECFD8BA35F}.Debug|x86.Build.0 = Debug|Any CPU
		{75408885-5260-4CA2-9DE1-39ECFD8BA35F}.Debug|x86.Deploy.0 = Debug|Any CPU
		{75408885-5260-4CA2-9DE1-39ECFD8BA35F}.Release|Any CPU.ActiveCfg = Release|Any CPU
		{75408885-5260-4CA2-9DE1-39ECFD8BA35F}.Release|Any CPU.Build.0 = Release|Any CPU
		{75408885-5260-4CA2-9DE1-39ECFD8BA35F}.Release|Any CPU.Deploy.0 = Release|Any CPU
		{75408885-5260-4CA2-9DE1-39ECFD8BA35F}.Release|ARM.ActiveCfg = Release|Any CPU
		{75408885-5260-4CA2-9DE1-39ECFD8BA35F}.Release|ARM.Build.0 = Release|Any CPU
		{75408885-5260-4CA2-9DE1-39ECFD8BA35F}.Release|ARM.Deploy.0 = Release|Any CPU
		{75408885-5260-4CA2-9DE1-39ECFD8BA35F}.Release|iPhone.ActiveCfg = Release|Any CPU
		{75408885-5260-4CA2-9DE1-39ECFD8BA35F}.Release|iPhone.Build.0 = Release|Any CPU
		{75408885-5260-4CA2-9DE1-39ECFD8BA35F}.Release|iPhone.Deploy.0 = Release|Any CPU
		{75408885-5260-4CA2-9DE1-39ECFD8BA35F}.Release|iPhoneSimulator.ActiveCfg = Release|Any CPU
		{75408885-5260-4CA2-9DE1-39ECFD8BA35F}.Release|iPhoneSimulator.Build.0 = Release|Any CPU
		{75408885-5260-4CA2-9DE1-39ECFD8BA35F}.Release|iPhoneSimulator.Deploy.0 = Release|Any CPU
		{75408885-5260-4CA2-9DE1-39ECFD8BA35F}.Release|x64.ActiveCfg = Release|Any CPU
		{75408885-5260-4CA2-9DE1-39ECFD8BA35F}.Release|x64.Build.0 = Release|Any CPU
		{75408885-5260-4CA2-9DE1-39ECFD8BA35F}.Release|x64.Deploy.0 = Release|Any CPU
		{75408885-5260-4CA2-9DE1-39ECFD8BA35F}.Release|x86.ActiveCfg = Release|Any CPU
		{75408885-5260-4CA2-9DE1-39ECFD8BA35F}.Release|x86.Build.0 = Release|Any CPU
		{75408885-5260-4CA2-9DE1-39ECFD8BA35F}.Release|x86.Deploy.0 = Release|Any CPU
		{BEE0F251-2196-4ADE-94A7-96F91E042DFF}.Ad-Hoc|Any CPU.ActiveCfg = Ad-Hoc|iPhone
		{BEE0F251-2196-4ADE-94A7-96F91E042DFF}.Ad-Hoc|ARM.ActiveCfg = Ad-Hoc|iPhone
		{BEE0F251-2196-4ADE-94A7-96F91E042DFF}.Ad-Hoc|iPhone.ActiveCfg = Ad-Hoc|iPhone
		{BEE0F251-2196-4ADE-94A7-96F91E042DFF}.Ad-Hoc|iPhone.Build.0 = Ad-Hoc|iPhone
		{BEE0F251-2196-4ADE-94A7-96F91E042DFF}.Ad-Hoc|iPhoneSimulator.ActiveCfg = Ad-Hoc|iPhoneSimulator
		{BEE0F251-2196-4ADE-94A7-96F91E042DFF}.Ad-Hoc|iPhoneSimulator.Build.0 = Ad-Hoc|iPhoneSimulator
		{BEE0F251-2196-4ADE-94A7-96F91E042DFF}.Ad-Hoc|x64.ActiveCfg = Ad-Hoc|iPhone
		{BEE0F251-2196-4ADE-94A7-96F91E042DFF}.Ad-Hoc|x86.ActiveCfg = Ad-Hoc|iPhone
		{BEE0F251-2196-4ADE-94A7-96F91E042DFF}.AppStore|Any CPU.ActiveCfg = AppStore|iPhone
		{BEE0F251-2196-4ADE-94A7-96F91E042DFF}.AppStore|ARM.ActiveCfg = AppStore|iPhone
		{BEE0F251-2196-4ADE-94A7-96F91E042DFF}.AppStore|iPhone.ActiveCfg = AppStore|iPhone
		{BEE0F251-2196-4ADE-94A7-96F91E042DFF}.AppStore|iPhone.Build.0 = AppStore|iPhone
		{BEE0F251-2196-4ADE-94A7-96F91E042DFF}.AppStore|iPhoneSimulator.ActiveCfg = AppStore|iPhoneSimulator
		{BEE0F251-2196-4ADE-94A7-96F91E042DFF}.AppStore|iPhoneSimulator.Build.0 = AppStore|iPhoneSimulator
		{BEE0F251-2196-4ADE-94A7-96F91E042DFF}.AppStore|x64.ActiveCfg = AppStore|iPhone
		{BEE0F251-2196-4ADE-94A7-96F91E042DFF}.AppStore|x86.ActiveCfg = AppStore|iPhone
		{BEE0F251-2196-4ADE-94A7-96F91E042DFF}.Debug|Any CPU.ActiveCfg = Debug|iPhone
		{BEE0F251-2196-4ADE-94A7-96F91E042DFF}.Debug|ARM.ActiveCfg = Debug|iPhone
		{BEE0F251-2196-4ADE-94A7-96F91E042DFF}.Debug|iPhone.ActiveCfg = Debug|iPhone
		{BEE0F251-2196-4ADE-94A7-96F91E042DFF}.Debug|iPhone.Build.0 = Debug|iPhone
		{BEE0F251-2196-4ADE-94A7-96F91E042DFF}.Debug|iPhoneSimulator.ActiveCfg = Debug|iPhoneSimulator
		{BEE0F251-2196-4ADE-94A7-96F91E042DFF}.Debug|iPhoneSimulator.Build.0 = Debug|iPhoneSimulator
		{BEE0F251-2196-4ADE-94A7-96F91E042DFF}.Debug|x64.ActiveCfg = Debug|iPhone
		{BEE0F251-2196-4ADE-94A7-96F91E042DFF}.Debug|x86.ActiveCfg = Debug|iPhone
		{BEE0F251-2196-4ADE-94A7-96F91E042DFF}.Release|Any CPU.ActiveCfg = Release|iPhone
		{BEE0F251-2196-4ADE-94A7-96F91E042DFF}.Release|ARM.ActiveCfg = Release|iPhone
		{BEE0F251-2196-4ADE-94A7-96F91E042DFF}.Release|iPhone.ActiveCfg = Release|iPhone
		{BEE0F251-2196-4ADE-94A7-96F91E042DFF}.Release|iPhone.Build.0 = Release|iPhone
		{BEE0F251-2196-4ADE-94A7-96F91E042DFF}.Release|iPhoneSimulator.ActiveCfg = Release|iPhoneSimulator
		{BEE0F251-2196-4ADE-94A7-96F91E042DFF}.Release|iPhoneSimulator.Build.0 = Release|iPhoneSimulator
		{BEE0F251-2196-4ADE-94A7-96F91E042DFF}.Release|x64.ActiveCfg = Release|iPhone
		{BEE0F251-2196-4ADE-94A7-96F91E042DFF}.Release|x86.ActiveCfg = Release|iPhone
		{43622D37-1AF0-4B55-863E-8A4A398DA24C}.Ad-Hoc|Any CPU.ActiveCfg = Release|x86
		{43622D37-1AF0-4B55-863E-8A4A398DA24C}.Ad-Hoc|Any CPU.Build.0 = Release|x86
		{43622D37-1AF0-4B55-863E-8A4A398DA24C}.Ad-Hoc|Any CPU.Deploy.0 = Release|x86
		{43622D37-1AF0-4B55-863E-8A4A398DA24C}.Ad-Hoc|ARM.ActiveCfg = Release|ARM
		{43622D37-1AF0-4B55-863E-8A4A398DA24C}.Ad-Hoc|ARM.Build.0 = Release|ARM
		{43622D37-1AF0-4B55-863E-8A4A398DA24C}.Ad-Hoc|ARM.Deploy.0 = Release|ARM
		{43622D37-1AF0-4B55-863E-8A4A398DA24C}.Ad-Hoc|iPhone.ActiveCfg = Release|x86
		{43622D37-1AF0-4B55-863E-8A4A398DA24C}.Ad-Hoc|iPhone.Build.0 = Release|x86
		{43622D37-1AF0-4B55-863E-8A4A398DA24C}.Ad-Hoc|iPhone.Deploy.0 = Release|x86
		{43622D37-1AF0-4B55-863E-8A4A398DA24C}.Ad-Hoc|iPhoneSimulator.ActiveCfg = Release|x86
		{43622D37-1AF0-4B55-863E-8A4A398DA24C}.Ad-Hoc|iPhoneSimulator.Build.0 = Release|x86
		{43622D37-1AF0-4B55-863E-8A4A398DA24C}.Ad-Hoc|iPhoneSimulator.Deploy.0 = Release|x86
		{43622D37-1AF0-4B55-863E-8A4A398DA24C}.Ad-Hoc|x64.ActiveCfg = Release|x64
		{43622D37-1AF0-4B55-863E-8A4A398DA24C}.Ad-Hoc|x64.Build.0 = Release|x64
		{43622D37-1AF0-4B55-863E-8A4A398DA24C}.Ad-Hoc|x64.Deploy.0 = Release|x64
		{43622D37-1AF0-4B55-863E-8A4A398DA24C}.Ad-Hoc|x86.ActiveCfg = Release|x86
		{43622D37-1AF0-4B55-863E-8A4A398DA24C}.Ad-Hoc|x86.Build.0 = Release|x86
		{43622D37-1AF0-4B55-863E-8A4A398DA24C}.Ad-Hoc|x86.Deploy.0 = Release|x86
		{43622D37-1AF0-4B55-863E-8A4A398DA24C}.AppStore|Any CPU.ActiveCfg = Release|x86
		{43622D37-1AF0-4B55-863E-8A4A398DA24C}.AppStore|Any CPU.Build.0 = Release|x86
		{43622D37-1AF0-4B55-863E-8A4A398DA24C}.AppStore|Any CPU.Deploy.0 = Release|x86
		{43622D37-1AF0-4B55-863E-8A4A398DA24C}.AppStore|ARM.ActiveCfg = Release|ARM
		{43622D37-1AF0-4B55-863E-8A4A398DA24C}.AppStore|ARM.Build.0 = Release|ARM
		{43622D37-1AF0-4B55-863E-8A4A398DA24C}.AppStore|ARM.Deploy.0 = Release|ARM
		{43622D37-1AF0-4B55-863E-8A4A398DA24C}.AppStore|iPhone.ActiveCfg = Release|x86
		{43622D37-1AF0-4B55-863E-8A4A398DA24C}.AppStore|iPhone.Build.0 = Release|x86
		{43622D37-1AF0-4B55-863E-8A4A398DA24C}.AppStore|iPhone.Deploy.0 = Release|x86
		{43622D37-1AF0-4B55-863E-8A4A398DA24C}.AppStore|iPhoneSimulator.ActiveCfg = Release|x86
		{43622D37-1AF0-4B55-863E-8A4A398DA24C}.AppStore|iPhoneSimulator.Build.0 = Release|x86
		{43622D37-1AF0-4B55-863E-8A4A398DA24C}.AppStore|iPhoneSimulator.Deploy.0 = Release|x86
		{43622D37-1AF0-4B55-863E-8A4A398DA24C}.AppStore|x64.ActiveCfg = Release|x64
		{43622D37-1AF0-4B55-863E-8A4A398DA24C}.AppStore|x64.Build.0 = Release|x64
		{43622D37-1AF0-4B55-863E-8A4A398DA24C}.AppStore|x64.Deploy.0 = Release|x64
		{43622D37-1AF0-4B55-863E-8A4A398DA24C}.AppStore|x86.ActiveCfg = Release|x86
		{43622D37-1AF0-4B55-863E-8A4A398DA24C}.AppStore|x86.Build.0 = Release|x86
		{43622D37-1AF0-4B55-863E-8A4A398DA24C}.AppStore|x86.Deploy.0 = Release|x86
		{43622D37-1AF0-4B55-863E-8A4A398DA24C}.Debug|Any CPU.ActiveCfg = Debug|x86
		{43622D37-1AF0-4B55-863E-8A4A398DA24C}.Debug|ARM.ActiveCfg = Debug|ARM
		{43622D37-1AF0-4B55-863E-8A4A398DA24C}.Debug|ARM.Build.0 = Debug|ARM
		{43622D37-1AF0-4B55-863E-8A4A398DA24C}.Debug|ARM.Deploy.0 = Debug|ARM
		{43622D37-1AF0-4B55-863E-8A4A398DA24C}.Debug|iPhone.ActiveCfg = Debug|x86
		{43622D37-1AF0-4B55-863E-8A4A398DA24C}.Debug|iPhoneSimulator.ActiveCfg = Debug|x86
		{43622D37-1AF0-4B55-863E-8A4A398DA24C}.Debug|x64.ActiveCfg = Debug|x64
		{43622D37-1AF0-4B55-863E-8A4A398DA24C}.Debug|x64.Build.0 = Debug|x64
		{43622D37-1AF0-4B55-863E-8A4A398DA24C}.Debug|x64.Deploy.0 = Debug|x64
		{43622D37-1AF0-4B55-863E-8A4A398DA24C}.Debug|x86.ActiveCfg = Debug|x86
		{43622D37-1AF0-4B55-863E-8A4A398DA24C}.Debug|x86.Build.0 = Debug|x86
		{43622D37-1AF0-4B55-863E-8A4A398DA24C}.Debug|x86.Deploy.0 = Debug|x86
		{43622D37-1AF0-4B55-863E-8A4A398DA24C}.Release|Any CPU.ActiveCfg = Release|x86
		{43622D37-1AF0-4B55-863E-8A4A398DA24C}.Release|ARM.ActiveCfg = Release|ARM
		{43622D37-1AF0-4B55-863E-8A4A398DA24C}.Release|ARM.Build.0 = Release|ARM
		{43622D37-1AF0-4B55-863E-8A4A398DA24C}.Release|ARM.Deploy.0 = Release|ARM
		{43622D37-1AF0-4B55-863E-8A4A398DA24C}.Release|iPhone.ActiveCfg = Release|x86
		{43622D37-1AF0-4B55-863E-8A4A398DA24C}.Release|iPhoneSimulator.ActiveCfg = Release|x86
		{43622D37-1AF0-4B55-863E-8A4A398DA24C}.Release|x64.ActiveCfg = Release|x64
		{43622D37-1AF0-4B55-863E-8A4A398DA24C}.Release|x64.Build.0 = Release|x64
		{43622D37-1AF0-4B55-863E-8A4A398DA24C}.Release|x64.Deploy.0 = Release|x64
		{43622D37-1AF0-4B55-863E-8A4A398DA24C}.Release|x86.ActiveCfg = Release|x86
		{43622D37-1AF0-4B55-863E-8A4A398DA24C}.Release|x86.Build.0 = Release|x86
		{43622D37-1AF0-4B55-863E-8A4A398DA24C}.Release|x86.Deploy.0 = Release|x86
		{833F9F4D-36DB-48B1-B4DB-62FD515DDFA9}.Ad-Hoc|Any CPU.ActiveCfg = Debug|Any CPU
		{833F9F4D-36DB-48B1-B4DB-62FD515DDFA9}.Ad-Hoc|Any CPU.Build.0 = Debug|Any CPU
		{833F9F4D-36DB-48B1-B4DB-62FD515DDFA9}.Ad-Hoc|ARM.ActiveCfg = Debug|Any CPU
		{833F9F4D-36DB-48B1-B4DB-62FD515DDFA9}.Ad-Hoc|ARM.Build.0 = Debug|Any CPU
		{833F9F4D-36DB-48B1-B4DB-62FD515DDFA9}.Ad-Hoc|iPhone.ActiveCfg = Debug|Any CPU
		{833F9F4D-36DB-48B1-B4DB-62FD515DDFA9}.Ad-Hoc|iPhone.Build.0 = Debug|Any CPU
		{833F9F4D-36DB-48B1-B4DB-62FD515DDFA9}.Ad-Hoc|iPhoneSimulator.ActiveCfg = Debug|Any CPU
		{833F9F4D-36DB-48B1-B4DB-62FD515DDFA9}.Ad-Hoc|iPhoneSimulator.Build.0 = Debug|Any CPU
		{833F9F4D-36DB-48B1-B4DB-62FD515DDFA9}.Ad-Hoc|x64.ActiveCfg = Debug|Any CPU
		{833F9F4D-36DB-48B1-B4DB-62FD515DDFA9}.Ad-Hoc|x64.Build.0 = Debug|Any CPU
		{833F9F4D-36DB-48B1-B4DB-62FD515DDFA9}.Ad-Hoc|x86.ActiveCfg = Debug|Any CPU
		{833F9F4D-36DB-48B1-B4DB-62FD515DDFA9}.Ad-Hoc|x86.Build.0 = Debug|Any CPU
		{833F9F4D-36DB-48B1-B4DB-62FD515DDFA9}.AppStore|Any CPU.ActiveCfg = Debug|Any CPU
		{833F9F4D-36DB-48B1-B4DB-62FD515DDFA9}.AppStore|Any CPU.Build.0 = Debug|Any CPU
		{833F9F4D-36DB-48B1-B4DB-62FD515DDFA9}.AppStore|ARM.ActiveCfg = Debug|Any CPU
		{833F9F4D-36DB-48B1-B4DB-62FD515DDFA9}.AppStore|ARM.Build.0 = Debug|Any CPU
		{833F9F4D-36DB-48B1-B4DB-62FD515DDFA9}.AppStore|iPhone.ActiveCfg = Debug|Any CPU
		{833F9F4D-36DB-48B1-B4DB-62FD515DDFA9}.AppStore|iPhone.Build.0 = Debug|Any CPU
		{833F9F4D-36DB-48B1-B4DB-62FD515DDFA9}.AppStore|iPhoneSimulator.ActiveCfg = Debug|Any CPU
		{833F9F4D-36DB-48B1-B4DB-62FD515DDFA9}.AppStore|iPhoneSimulator.Build.0 = Debug|Any CPU
		{833F9F4D-36DB-48B1-B4DB-62FD515DDFA9}.AppStore|x64.ActiveCfg = Debug|Any CPU
		{833F9F4D-36DB-48B1-B4DB-62FD515DDFA9}.AppStore|x64.Build.0 = Debug|Any CPU
		{833F9F4D-36DB-48B1-B4DB-62FD515DDFA9}.AppStore|x86.ActiveCfg = Debug|Any CPU
		{833F9F4D-36DB-48B1-B4DB-62FD515DDFA9}.AppStore|x86.Build.0 = Debug|Any CPU
		{833F9F4D-36DB-48B1-B4DB-62FD515DDFA9}.Debug|Any CPU.ActiveCfg = Debug|Any CPU
		{833F9F4D-36DB-48B1-B4DB-62FD515DDFA9}.Debug|Any CPU.Build.0 = Debug|Any CPU
		{833F9F4D-36DB-48B1-B4DB-62FD515DDFA9}.Debug|ARM.ActiveCfg = Debug|Any CPU
		{833F9F4D-36DB-48B1-B4DB-62FD515DDFA9}.Debug|ARM.Build.0 = Debug|Any CPU
		{833F9F4D-36DB-48B1-B4DB-62FD515DDFA9}.Debug|iPhone.ActiveCfg = Debug|Any CPU
		{833F9F4D-36DB-48B1-B4DB-62FD515DDFA9}.Debug|iPhone.Build.0 = Debug|Any CPU
		{833F9F4D-36DB-48B1-B4DB-62FD515DDFA9}.Debug|iPhoneSimulator.ActiveCfg = Debug|Any CPU
		{833F9F4D-36DB-48B1-B4DB-62FD515DDFA9}.Debug|iPhoneSimulator.Build.0 = Debug|Any CPU
		{833F9F4D-36DB-48B1-B4DB-62FD515DDFA9}.Debug|x64.ActiveCfg = Debug|Any CPU
		{833F9F4D-36DB-48B1-B4DB-62FD515DDFA9}.Debug|x64.Build.0 = Debug|Any CPU
		{833F9F4D-36DB-48B1-B4DB-62FD515DDFA9}.Debug|x86.ActiveCfg = Debug|Any CPU
		{833F9F4D-36DB-48B1-B4DB-62FD515DDFA9}.Debug|x86.Build.0 = Debug|Any CPU
		{833F9F4D-36DB-48B1-B4DB-62FD515DDFA9}.Release|Any CPU.ActiveCfg = Release|Any CPU
		{833F9F4D-36DB-48B1-B4DB-62FD515DDFA9}.Release|Any CPU.Build.0 = Release|Any CPU
		{833F9F4D-36DB-48B1-B4DB-62FD515DDFA9}.Release|ARM.ActiveCfg = Release|Any CPU
		{833F9F4D-36DB-48B1-B4DB-62FD515DDFA9}.Release|ARM.Build.0 = Release|Any CPU
		{833F9F4D-36DB-48B1-B4DB-62FD515DDFA9}.Release|iPhone.ActiveCfg = Release|Any CPU
		{833F9F4D-36DB-48B1-B4DB-62FD515DDFA9}.Release|iPhone.Build.0 = Release|Any CPU
		{833F9F4D-36DB-48B1-B4DB-62FD515DDFA9}.Release|iPhoneSimulator.ActiveCfg = Release|Any CPU
		{833F9F4D-36DB-48B1-B4DB-62FD515DDFA9}.Release|iPhoneSimulator.Build.0 = Release|Any CPU
		{833F9F4D-36DB-48B1-B4DB-62FD515DDFA9}.Release|x64.ActiveCfg = Release|Any CPU
		{833F9F4D-36DB-48B1-B4DB-62FD515DDFA9}.Release|x64.Build.0 = Release|Any CPU
		{833F9F4D-36DB-48B1-B4DB-62FD515DDFA9}.Release|x86.ActiveCfg = Release|Any CPU
		{833F9F4D-36DB-48B1-B4DB-62FD515DDFA9}.Release|x86.Build.0 = Release|Any CPU
	EndGlobalSection
	GlobalSection(SolutionProperties) = preSolution
		HideSolutionNode = FALSE
	EndGlobalSection
	GlobalSection(ExtensibilityGlobals) = postSolution
		SolutionGuid = {3FD5ADD4-3063-4ECF-9B07-5B099540E0A3}
	EndGlobalSection
EndGlobal
